
Microsoft Visual Studio Solution File, Format Version 12.00
Project("{FAE04EC0-301F-11D3-BF4B-00C04F79EFBC}") = "TestDrivenExample.API", "TestDrivenExample.API\TestDrivenExample.API.csproj", "{41EDAE0E-73E4-46B2-909A-D34846175B21}"
EndProject
Project("{FAE04EC0-301F-11D3-BF4B-00C04F79EFBC}") = "TestDrivenExample.ExampleModule", "TestDrivenExample.ExampleModule\TestDrivenExample.ExampleModule.csproj", "{55178DEE-CD11-4B61-8103-625FD03F212E}"
EndProject
Project("{FAE04EC0-301F-11D3-BF4B-00C04F79EFBC}") = "TestDrivenExample.Tests", "TestDrivenExample.Tests\TestDrivenExample.Tests.csproj", "{BE9EEBCC-6C06-43A9-9A3A-EC3D64D8294D}"
EndProject
Global
	GlobalSection(SolutionConfigurationPlatforms) = preSolution
		Debug|Any CPU = Debug|Any CPU
		Release|Any CPU = Release|Any CPU
	EndGlobalSection
	GlobalSection(ProjectConfigurationPlatforms) = postSolution
		{41EDAE0E-73E4-46B2-909A-D34846175B21}.Debug|Any CPU.ActiveCfg = Debug|Any CPU
		{41EDAE0E-73E4-46B2-909A-D34846175B21}.Debug|Any CPU.Build.0 = Debug|Any CPU
		{41EDAE0E-73E4-46B2-909A-D34846175B21}.Release|Any CPU.ActiveCfg = Release|Any CPU
		{41EDAE0E-73E4-46B2-909A-D34846175B21}.Release|Any CPU.Build.0 = Release|Any CPU
		{55178DEE-CD11-4B61-8103-625FD03F212E}.Debug|Any CPU.ActiveCfg = Debug|Any CPU
		{55178DEE-CD11-4B61-8103-625FD03F212E}.Debug|Any CPU.Build.0 = Debug|Any CPU
		{55178DEE-CD11-4B61-8103-625FD03F212E}.Release|Any CPU.ActiveCfg = Release|Any CPU
		{55178DEE-CD11-4B61-8103-625FD03F212E}.Release|Any CPU.Build.0 = Release|Any CPU
		{BE9EEBCC-6C06-43A9-9A3A-EC3D64D8294D}.Debug|Any CPU.ActiveCfg = Debug|Any CPU
		{BE9EEBCC-6C06-43A9-9A3A-EC3D64D8294D}.Debug|Any CPU.Build.0 = Debug|Any CPU
		{BE9EEBCC-6C06-43A9-9A3A-EC3D64D8294D}.Release|Any CPU.ActiveCfg = Release|Any CPU
		{BE9EEBCC-6C06-43A9-9A3A-EC3D64D8294D}.Release|Any CPU.Build.0 = Release|Any CPU
	EndGlobalSection
EndGlobal
